<?xml version="1.0" encoding="utf-8"?>
<Project ToolsVersion="17.0" xmlns="http://schemas.microsoft.com/developer/msbuild/2003">
  <ItemGroup>
    <ClCompile Include="C:\Users\jonat\Documents\protospec\cpp\harness\model_diff_lib.cc">
      <Filter>Source Files</Filter>
    </ClCompile>
  </ItemGroup>
  <ItemGroup>
    <CustomBuild Include="C:\Users\jonat\Documents\protospec\cpp\harness\CMakeLists.txt" />
  </ItemGroup>
  <ItemGroup>
    <Filter Include="Source Files">
      <UniqueIdentifier>{DA7EA8A0-E502-3DDB-85AC-78A594DA452B}</UniqueIdentifier>
    </Filter>
  </ItemGroup>
</Project>
